// !$*UTF8*$!
{
	archiveVersion = 1;
	classes = {
	};
	objectVersion = 46;
	objects = {

/* Begin PBXBuildFile section */
		AEC0A87E1D253945003306D6 /* AppDelegate.swift in Sources */ = {isa = PBXBuildFile; fileRef = AEC0A87D1D253945003306D6 /* AppDelegate.swift */; };
		AEC0A8801D253945003306D6 /* ViewController.swift in Sources */ = {isa = PBXBuildFile; fileRef = AEC0A87F1D253945003306D6 /* ViewController.swift */; };
		AEC0A8831D253945003306D6 /* Main.storyboard in Resources */ = {isa = PBXBuildFile; fileRef = AEC0A8811D253945003306D6 /* Main.storyboard */; };
		AEC0A8851D253945003306D6 /* Assets.xcassets in Resources */ = {isa = PBXBuildFile; fileRef = AEC0A8841D253945003306D6 /* Assets.xcassets */; };
		AEC0A8881D253945003306D6 /* LaunchScreen.storyboard in Resources */ = {isa = PBXBuildFile; fileRef = AEC0A8861D253945003306D6 /* LaunchScreen.storyboard */; };
/* End PBXBuildFile section */

/* Begin PBXFileReference section */
		AEC0A87A1D253945003306D6 /* BLEdemo.app */ = {isa = PBXFileReference; explicitFileType = wrapper.application; includeInIndex = 0; path = BLEdemo.app; sourceTree = BUILT_PRODUCTS_DIR; };
		AEC0A87D1D253945003306D6 /* AppDelegate.swift */ = {isa = PBXFileReference; lastKnownFileType = sourcecode.swift; path = AppDelegate.swift; sourceTree = "<group>"; };
		AEC0A87F1D253945003306D6 /* ViewController.swift */ = {isa = PBXFileReference; lastKnownFileType = sourcecode.swift; path = ViewController.swift; sourceTree = "<group>"; };
		AEC0A8821D253945003306D6 /* Base */ = {isa = PBXFileReference; lastKnownFileType = file.storyboard; name = Base; path = Base.lproj/Main.storyboard; sourceTree = "<group>"; };
		AEC0A8841D253945003306D6 /* Assets.xcassets */ = {isa = PBXFileReference; lastKnownFileType = folder.assetcatalog; path = Assets.xcassets; sourceTree = "<group>"; };
		AEC0A8871D253945003306D6 /* Base */ = {isa = PBXFileReference; lastKnownFileType = file.storyboard; name = Base; path = Base.lproj/LaunchScreen.storyboard; sourceTree = "<group>"; };
		AEC0A8891D253945003306D6 /* Info.plist */ = {isa = PBXFileReference; lastKnownFileType = text.plist.xml; path = Info.plist; sourceTree = "<group>"; };
/* End PBXFileReference section */

/* Begin PBXFrameworksBuildPhase section */
		AEC0A8771D253945003306D6 /* Frameworks */ = {
			isa = PBXFrameworksBuildPhase;
			buildActionMask = 2147483647;
			files = (
			);
			runOnlyForDeploymentPostprocessing = 0;
		};
/* End PBXFrameworksBuildPhase section */

/* Begin PBXGroup section */
		AEC0A8711D253944003306D6 = {
			isa = PBXGroup;
			children = (
				AEC0A87C1D253945003306D6 /* BLEdemo */,
				AEC0A87B1D253945003306D6 /* Products */,
			);
			sourceTree = "<group>";
		};
		AEC0A87B1D253945003306D6 /* Products */ = {
			isa = PBXGroup;
			children = (
				AEC0A87A1D253945003306D6 /* BLEdemo.app */,
			);
			name = Products;
			sourceTree = "<group>";
		};
		AEC0A87C1D253945003306D6 /* BLEdemo */ = {
			isa = PBXGroup;
			children = (
				AEC0A87D1D253945003306D6 /* AppDelegate.swift */,
				AEC0A87F1D253945003306D6 /* ViewController.swift */,
				AEC0A8811D253945003306D6 /* Main.storyboard */,
				AEC0A8841D253945003306D6 /* Assets.xcassets */,
				AEC0A8861D253945003306D6 /* LaunchScreen.storyboard */,
				AEC0A8891D253945003306D6 /* Info.plist */,
			);
			path = BLEdemo;
			sourceTree = "<group>";
		};
/* End PBXGroup section */

/* Begin PBXNativeTarget section */
		AEC0A8791D253945003306D6 /* BLEdemo */ = {
			isa = PBXNativeTarget;
			buildConfigurationList = AEC0A88C1D253945003306D6 /* Build configuration list for PBXNativeTarget "BLEdemo" */;
			buildPhases = (
				AEC0A8761D253945003306D6 /* Sources */,
				AEC0A8771D253945003306D6 /* Frameworks */,
				AEC0A8781D253945003306D6 /* Resources */,
			);
			buildRules = (
			);
			dependencies = (
			);
			name = BLEdemo;
			productName = BLEdemo;
			productReference = AEC0A87A1D253945003306D6 /* BLEdemo.app */;
			productType = "com.apple.product-type.application";
		};
/* End PBXNativeTarget section */

/* Begin PBXProject section */
		AEC0A8721D253944003306D6 /* Project object */ = {
			isa = PBXProject;
			attributes = {
				LastSwiftUpdateCheck = 0730;
				LastUpgradeCheck = 0800;
				ORGANIZATIONNAME = Duncan;
				TargetAttributes = {
					AEC0A8791D253945003306D6 = {
						CreatedOnToolsVersion = 7.3;
						DevelopmentTeam = 39Z77Y8738;
						DevelopmentTeamName = "詠元 鄭 (Personal Team)";
						LastSwiftMigration = 0800;
					};
				};
			};
			buildConfigurationList = AEC0A8751D253944003306D6 /* Build configuration list for PBXProject "BLEdemo" */;
			compatibilityVersion = "Xcode 3.2";
			developmentRegion = English;
			hasScannedForEncodings = 0;
			knownRegions = (
				en,
				Base,
			);
			mainGroup = AEC0A8711D253944003306D6;
			productRefGroup = AEC0A87B1D253945003306D6 /* Products */;
			projectDirPath = "";
			projectRoot = "";
			targets = (
				AEC0A8791D253945003306D6 /* BLEdemo */,
			);
		};
/* End PBXProject section */

/* Begin PBXResourcesBuildPhase section */
		AEC0A8781D253945003306D6 /* Resources */ = {
			isa = PBXResourcesBuildPhase;
			buildActionMask = 2147483647;
			files = (
				AEC0A8881D253945003306D6 /* LaunchScreen.storyboard in Resources */,
				AEC0A8851D253945003306D6 /* Assets.xcassets in Resources */,
				AEC0A8831D253945003306D6 /* Main.storyboard in Resources */,
			);
			runOnlyForDeploymentPostprocessing = 0;
		};
/* End PBXResourcesBuildPhase section */

/* Begin PBXSourcesBuildPhase section */
		AEC0A8761D253945003306D6 /* Sources */ = {
			isa = PBXSourcesBuildPhase;
			buildActionMask = 2147483647;
			files = (
				AEC0A8801D253945003306D6 /* ViewController.swift in Sources */,
				AEC0A87E1D253945003306D6 /* AppDelegate.swift in Sources */,
			);
			runOnlyForDeploymentPostprocessing = 0;
		};
/* End PBXSourcesBuildPhase section */

/* Begin PBXVariantGroup section */
		AEC0A8811D253945003306D6 /* Main.storyboard */ = {
			isa = PBXVariantGroup;
			children = (
				AEC0A8821D253945003306D6 /* Base */,
			);
			name = Main.storyboard;
			sourceTree = "<group>";
		};
		AEC0A8861D253945003306D6 /* LaunchScreen.storyboard */ = {
			isa = PBXVariantGroup;
			children = (
				AEC0A8871D253945003306D6 /* Base */,
			);
			name = LaunchScreen.storyboard;
			sourceTree = "<group>";
		};
/* End PBXVariantGroup section */

/* Begin XCBuildConfiguration section */
		AEC0A88A1D253945003306D6 /* Debug */ = {
			isa = XCBuildConfiguration;
			buildSettings = {
				ALWAYS_SEARCH_USER_PATHS = NO;
				CLANG_ANALYZER_NONNULL = YES;
				CLANG_CXX_LANGUAGE_STANDARD = "gnu++0x";
				CLANG_CXX_LIBRARY = "libc++";
				CLANG_ENABLE_MODULES = YES;
				CLANG_ENABLE_OBJC_ARC = YES;
				CLANG_WARN_BOOL_CONVERSION = YES;
				CLANG_WARN_CONSTANT_CONVERSION = YES;
				CLANG_WARN_DIRECT_OBJC_ISA_USAGE = YES_ERROR;
				CLANG_WARN_EMPTY_BODY = YES;
				CLANG_WARN_ENUM_CONVERSION = YES;
				CLANG_WARN_INT_CONVERSION = YES;
				CLANG_WARN_OBJC_ROOT_CLASS = YES_ERROR;
				CLANG_WARN_UNREACHABLE_CODE = YES;
				CLANG_WARN__DUPLICATE_METHOD_MATCH = YES;
				"CODE_SIGN_IDENTITY[sdk=iphoneos*]" = "iPhone Developer";
				COPY_PHASE_STRIP = NO;
				DEBUG_INFORMATION_FORMAT = dwarf;
				ENABLE_STRICT_OBJC_MSGSEND = YES;
				ENABLE_TESTABILITY = YES;
				GCC_C_LANGUAGE_STANDARD = gnu99;
				GCC_DYNAMIC_NO_PIC = NO;
				GCC_NO_COMMON_BLOCKS = YES;
				GCC_OPTIMIZATION_LEVEL = 0;
				GCC_PREPROCESSOR_DEFINITIONS = (
					"DEBUG=1",
					"$(inherited)",
				);
				GCC_WARN_64_TO_32_BIT_CONVERSION = YES;
				GCC_WARN_ABOUT_RETURN_TYPE = YES_ERROR;
				GCC_WARN_UNDECLARED_SELECTOR = YES;
				GCC_WARN_UNINITIALIZED_AUTOS = YES_AGGRESSIVE;
				GCC_WARN_UNUSED_FUNCTION = YES;
				GCC_WARN_UNUSED_VARIABLE = YES;
				IPHONEOS_DEPLOYMENT_TARGET = 9.3;
				MTL_ENABLE_DEBUG_INFO = YES;
				ONLY_ACTIVE_ARCH = YES;
				SDKROOT = iphoneos;
				SWIFT_OPTIMIZATION_LEVEL = "-Onone";
				TARGETED_DEVICE_FAMILY = "1,2";
			};
			name = Debug;
		};
		AEC0A88B1D253945003306D6 /* Release */ = {
			isa = XCBuildConfiguration;
			buildSettings = {
				ALWAYS_SEARCH_USER_PATHS = NO;
				CLANG_ANALYZER_NONNULL = YES;
				CLANG_CXX_LANGUAGE_STANDARD = "gnu++0x";
				CLANG_CXX_LIBRARY = "libc++";
				CLANG_ENABLE_MODULES = YES;
				CLANG_ENABLE_OBJC_ARC = YES;
				CLANG_WARN_BOOL_CONVERSION = YES;
				CLANG_WARN_CONSTANT_CONVERSION = YES;
				CLANG_WARN_DIRECT_OBJC_ISA_USAGE = YES_ERROR;
				CLANG_WARN_EMPTY_BODY = YES;
				CLANG_WARN_ENUM_CONVERSION = YES;
				CLANG_WARN_INT_CONVERSION = YES;
				CLANG_WARN_OBJC_ROOT_CLASS = YES_ERROR;
				CLANG_WARN_UNREACHABLE_CODE = YES;
				CLANG_WARN__DUPLICATE_METHOD_MATCH = YES;
				"CODE_SIGN_IDENTITY[sdk=iphoneos*]" = "iPhone Developer";
				COPY_PHASE_STRIP = NO;
				DEBUG_INFORMATION_FORMAT = "dwarf-with-dsym";
				ENABLE_NS_ASSERTIONS = NO;
				ENABLE_STRICT_OBJC_MSGSEND = YES;
				GCC_C_LANGUAGE_STANDARD = gnu99;
				GCC_NO_COMMON_BLOCKS = YES;
				GCC_WARN_64_TO_32_BIT_CONVERSION = YES;
				GCC_WARN_ABOUT_RETURN_TYPE = YES_ERROR;
				GCC_WARN_UNDECLARED_SELECTOR = YES;
				GCC_WARN_UNINITIALIZED_AUTOS = YES_AGGRESSIVE;
				GCC_WARN_UNUSED_FUNCTION = YES;
				GCC_WARN_UNUSED_VARIABLE = YES;
				IPHONEOS_DEPLOYMENT_TARGET = 9.3;
				MTL_ENABLE_DEBUG_INFO = NO;
				SDKROOT = iphoneos;
				TARGETED_DEVICE_FAMILY = "1,2";
				VALIDATE_PRODUCT = YES;
			};
			name = Release;
		};
		AEC0A88D1D253945003306D6 /* Debug */ = {
			isa = XCBuildConfiguration;
			buildSettings = {
				ASSETCATALOG_COMPILER_APPICON_NAME = AppIcon;
				INFOPLIST_FILE = BLEdemo/Info.plist;
				LD_RUNPATH_SEARCH_PATHS = "$(inherited) @executable_path/Frameworks";
				PRODUCT_BUNDLE_IDENTIFIER = tw.qruu.BLEdemo;
				PRODUCT_NAME = "$(TARGET_NAME)";
				SWIFT_VERSION = 3.0;
			};
			name = Debug;
		};
		AEC0A88E1D253945003306D6 /* Release */ = {
			isa = XCBuildConfiguration;
			buildSettings = {
				ASSETCATALOG_COMPILER_APPICON_NAME = AppIcon;
				INFOPLIST_FILE = BLEdemo/Info.plist;
				LD_RUNPATH_SEARCH_PATHS = "$(inherited) @executable_path/Frameworks";
				PRODUCT_BUNDLE_IDENTIFIER = tw.qruu.BLEdemo;
				PRODUCT_NAME = "$(TARGET_NAME)";
				SWIFT_OPTIMIZATION_LEVEL = "-Owholemodule";
				SWIFT_VERSION = 3.0;
			};
			name = Release;
		};
/* End XCBuildConfiguration section */

/* Begin XCConfigurationList section */
		AEC0A8751D253944003306D6 /* Build configuration list for PBXProject "BLEdemo" */ = {
			isa = XCConfigurationList;
			buildConfigurations = (
				AEC0A88A1D253945003306D6 /* Debug */,
				AEC0A88B1D253945003306D6 /* Release */,
			);
			defaultConfigurationIsVisible = 0;
			defaultConfigurationName = Release;
		};
		AEC0A88C1D253945003306D6 /* Build configuration list for PBXNativeTarget "BLEdemo" */ = {
			isa = XCConfigurationList;
			buildConfigurations = (
				AEC0A88D1D253945003306D6 /* Debug */,
				AEC0A88E1D253945003306D6 /* Release */,
			);
			defaultConfigurationIsVisible = 0;
			defaultConfigurationName = Release;
		};
/* End XCConfigurationList section */
	};
	rootObject = AEC0A8721D253944003306D6 /* Project object */;
}
